
Microsoft Visual Studio Solution File, Format Version 12.00
# Visual Studio Version 17
VisualStudioVersion = 17.7.34202.233
MinimumVisualStudioVersion = 10.0.40219.1
Project("{FAE04EC0-301F-11D3-BF4B-00C04F79EFBC}") = "dictionary", "dictionary\dictionary.csproj", "{2AD01ED5-B308-4E48-BDB1-904C8C0EADC7}"
EndProject
Project("{FAE04EC0-301F-11D3-BF4B-00C04F79EFBC}") = "zadacha2", "zadacha2\zadacha2.csproj", "{D555D34D-9EE1-4A93-8649-D4E54B4C8249}"
EndProject
Project("{FAE04EC0-301F-11D3-BF4B-00C04F79EFBC}") = "zadacha3", "zadacha3\zadacha3.csproj", "{408179BF-9530-455C-A4F5-A0394319BDEA}"
EndProject
Project("{FAE04EC0-301F-11D3-BF4B-00C04F79EFBC}") = "zadacha4", "zadacha4\zadacha4.csproj", "{53A9829D-C3B8-4165-8793-E8EB4DC380AA}"
EndProject
Global
	GlobalSection(SolutionConfigurationPlatforms) = preSolution
		Debug|Any CPU = Debug|Any CPU
		Release|Any CPU = Release|Any CPU
	EndGlobalSection
	GlobalSection(ProjectConfigurationPlatforms) = postSolution
		{2AD01ED5-B308-4E48-BDB1-904C8C0EADC7}.Debug|Any CPU.ActiveCfg = Debug|Any CPU
		{2AD01ED5-B308-4E48-BDB1-904C8C0EADC7}.Debug|Any CPU.Build.0 = Debug|Any CPU
		{2AD01ED5-B308-4E48-BDB1-904C8C0EADC7}.Release|Any CPU.ActiveCfg = Release|Any CPU
		{2AD01ED5-B308-4E48-BDB1-904C8C0EADC7}.Release|Any CPU.Build.0 = Release|Any CPU
		{D555D34D-9EE1-4A93-8649-D4E54B4C8249}.Debug|Any CPU.ActiveCfg = Debug|Any CPU
		{D555D34D-9EE1-4A93-8649-D4E54B4C8249}.Debug|Any CPU.Build.0 = Debug|Any CPU
		{D555D34D-9EE1-4A93-8649-D4E54B4C8249}.Release|Any CPU.ActiveCfg = Release|Any CPU
		{D555D34D-9EE1-4A93-8649-D4E54B4C8249}.Release|Any CPU.Build.0 = Release|Any CPU
		{408179BF-9530-455C-A4F5-A0394319BDEA}.Debug|Any CPU.ActiveCfg = Debug|Any CPU
		{408179BF-9530-455C-A4F5-A0394319BDEA}.Debug|Any CPU.Build.0 = Debug|Any CPU
		{408179BF-9530-455C-A4F5-A0394319BDEA}.Release|Any CPU.ActiveCfg = Release|Any CPU
		{408179BF-9530-455C-A4F5-A0394319BDEA}.Release|Any CPU.Build.0 = Release|Any CPU
		{53A9829D-C3B8-4165-8793-E8EB4DC380AA}.Debug|Any CPU.ActiveCfg = Debug|Any CPU
		{53A9829D-C3B8-4165-8793-E8EB4DC380AA}.Debug|Any CPU.Build.0 = Debug|Any CPU
		{53A9829D-C3B8-4165-8793-E8EB4DC380AA}.Release|Any CPU.ActiveCfg = Release|Any CPU
		{53A9829D-C3B8-4165-8793-E8EB4DC380AA}.Release|Any CPU.Build.0 = Release|Any CPU
	EndGlobalSection
	GlobalSection(SolutionProperties) = preSolution
		HideSolutionNode = FALSE
	EndGlobalSection
	GlobalSection(ExtensibilityGlobals) = postSolution
		SolutionGuid = {8850B975-53DA-4FEE-8579-278CDE588CAF}
	EndGlobalSection
EndGlobal
